// !$*UTF8*$!
{
	archiveVersion = 1;
	classes = {
	};
	objectVersion = 51;
	objects = {

/* Begin PBXBuildFile section */
		3432267C26BB757D004A4D54 /* HistoryViewController.swift in Sources */ = {isa = PBXBuildFile; fileRef = 3432267B26BB757D004A4D54 /* HistoryViewController.swift */; };
		3432267E26BB852F004A4D54 /* appPicture.png in Resources */ = {isa = PBXBuildFile; fileRef = 3432267D26BB852F004A4D54 /* appPicture.png */; };
		346B683E26BA0A7E00EB48B5 /* AppDelegate.swift in Sources */ = {isa = PBXBuildFile; fileRef = 346B683D26BA0A7E00EB48B5 /* AppDelegate.swift */; };
		346B684026BA0A7E00EB48B5 /* SceneDelegate.swift in Sources */ = {isa = PBXBuildFile; fileRef = 346B683F26BA0A7E00EB48B5 /* SceneDelegate.swift */; };
		346B684226BA0A7E00EB48B5 /* ViewController.swift in Sources */ = {isa = PBXBuildFile; fileRef = 346B684126BA0A7E00EB48B5 /* ViewController.swift */; };
		346B684526BA0A7E00EB48B5 /* Main.storyboard in Resources */ = {isa = PBXBuildFile; fileRef = 346B684326BA0A7E00EB48B5 /* Main.storyboard */; };
		346B684726BA0A8000EB48B5 /* Assets.xcassets in Resources */ = {isa = PBXBuildFile; fileRef = 346B684626BA0A8000EB48B5 /* Assets.xcassets */; };
		346B684A26BA0A8000EB48B5 /* LaunchScreen.storyboard in Resources */ = {isa = PBXBuildFile; fileRef = 346B684826BA0A8000EB48B5 /* LaunchScreen.storyboard */; };
		346B685626BA2BF000EB48B5 /* microphone-black.png in Resources */ = {isa = PBXBuildFile; fileRef = 346B685426BA2BF000EB48B5 /* microphone-black.png */; };
		346B685726BA2BF000EB48B5 /* microphone-white.png in Resources */ = {isa = PBXBuildFile; fileRef = 346B685526BA2BF000EB48B5 /* microphone-white.png */; };
		346B685926BA5FCF00EB48B5 /* ResultsViewController.swift in Sources */ = {isa = PBXBuildFile; fileRef = 346B685826BA5FCF00EB48B5 /* ResultsViewController.swift */; };
		347ED21626BC5274003E08F1 /* sb-76@1x.png in Resources */ = {isa = PBXBuildFile; fileRef = 347ED20726BC5274003E08F1 /* sb-76@1x.png */; };
		347ED21726BC5274003E08F1 /* sb-83.5@2x.png in Resources */ = {isa = PBXBuildFile; fileRef = 347ED20826BC5274003E08F1 /* sb-83.5@2x.png */; };
		347ED21826BC5274003E08F1 /* sb-40@1x.png in Resources */ = {isa = PBXBuildFile; fileRef = 347ED20926BC5274003E08F1 /* sb-40@1x.png */; };
		347ED21926BC5274003E08F1 /* sb-29@1x.png in Resources */ = {isa = PBXBuildFile; fileRef = 347ED20A26BC5274003E08F1 /* sb-29@1x.png */; };
		347ED21A26BC5274003E08F1 /* sb.png in Resources */ = {isa = PBXBuildFile; fileRef = 347ED20B26BC5274003E08F1 /* sb.png */; };
		347ED21B26BC5274003E08F1 /* sb-60@1x.png in Resources */ = {isa = PBXBuildFile; fileRef = 347ED20C26BC5274003E08F1 /* sb-60@1x.png */; };
		347ED21C26BC5274003E08F1 /* sb-60@2x.png in Resources */ = {isa = PBXBuildFile; fileRef = 347ED20D26BC5274003E08F1 /* sb-60@2x.png */; };
		347ED21D26BC5274003E08F1 /* sb-29@3x.png in Resources */ = {isa = PBXBuildFile; fileRef = 347ED20E26BC5274003E08F1 /* sb-29@3x.png */; };
		347ED21E26BC5274003E08F1 /* sb-167@1x.png in Resources */ = {isa = PBXBuildFile; fileRef = 347ED20F26BC5274003E08F1 /* sb-167@1x.png */; };
		347ED21F26BC5274003E08F1 /* sb-20@1x.png in Resources */ = {isa = PBXBuildFile; fileRef = 347ED21026BC5274003E08F1 /* sb-20@1x.png */; };
		347ED22026BC5274003E08F1 /* sb-29@2x.png in Resources */ = {isa = PBXBuildFile; fileRef = 347ED21126BC5274003E08F1 /* sb-29@2x.png */; };
		347ED22126BC5274003E08F1 /* sb-60@3x.png in Resources */ = {isa = PBXBuildFile; fileRef = 347ED21226BC5274003E08F1 /* sb-60@3x.png */; };
		347ED22226BC5274003E08F1 /* sb-40@3x.png in Resources */ = {isa = PBXBuildFile; fileRef = 347ED21326BC5274003E08F1 /* sb-40@3x.png */; };
		347ED22326BC5274003E08F1 /* sb-76@2x.png in Resources */ = {isa = PBXBuildFile; fileRef = 347ED21426BC5274003E08F1 /* sb-76@2x.png */; };
		347ED22426BC5274003E08F1 /* sb-40@2x.png in Resources */ = {isa = PBXBuildFile; fileRef = 347ED21526BC5274003E08F1 /* sb-40@2x.png */; };
		34E95B3A26BCA0E900CD1324 /* sb-720.png in Resources */ = {isa = PBXBuildFile; fileRef = 34E95B3926BCA0E900CD1324 /* sb-720.png */; };
		BC75B86385E3A4561A0FE0E8 /* Pods_FactCheckingSystemApp.framework in Frameworks */ = {isa = PBXBuildFile; fileRef = DE195F4F215B357A90E0658E /* Pods_FactCheckingSystemApp.framework */; };
/* End PBXBuildFile section */

/* Begin PBXFileReference section */
		3432267A26BA626C004A4D54 /* FactCheckingSystemApp.entitlements */ = {isa = PBXFileReference; lastKnownFileType = text.plist.entitlements; path = FactCheckingSystemApp.entitlements; sourceTree = "<group>"; };
		3432267B26BB757D004A4D54 /* HistoryViewController.swift */ = {isa = PBXFileReference; lastKnownFileType = sourcecode.swift; path = HistoryViewController.swift; sourceTree = "<group>"; };
		3432267D26BB852F004A4D54 /* appPicture.png */ = {isa = PBXFileReference; lastKnownFileType = image.png; path = appPicture.png; sourceTree = "<group>"; };
		346B683A26BA0A7E00EB48B5 /* FactCheckingSystemApp.app */ = {isa = PBXFileReference; explicitFileType = wrapper.application; includeInIndex = 0; path = FactCheckingSystemApp.app; sourceTree = BUILT_PRODUCTS_DIR; };
		346B683D26BA0A7E00EB48B5 /* AppDelegate.swift */ = {isa = PBXFileReference; lastKnownFileType = sourcecode.swift; path = AppDelegate.swift; sourceTree = "<group>"; };
		346B683F26BA0A7E00EB48B5 /* SceneDelegate.swift */ = {isa = PBXFileReference; lastKnownFileType = sourcecode.swift; path = SceneDelegate.swift; sourceTree = "<group>"; };
		346B684126BA0A7E00EB48B5 /* ViewController.swift */ = {isa = PBXFileReference; lastKnownFileType = sourcecode.swift; path = ViewController.swift; sourceTree = "<group>"; };
		346B684426BA0A7E00EB48B5 /* Base */ = {isa = PBXFileReference; lastKnownFileType = file.storyboard; name = Base; path = Base.lproj/Main.storyboard; sourceTree = "<group>"; };
		346B684626BA0A8000EB48B5 /* Assets.xcassets */ = {isa = PBXFileReference; lastKnownFileType = folder.assetcatalog; path = Assets.xcassets; sourceTree = "<group>"; };
		346B684926BA0A8000EB48B5 /* Base */ = {isa = PBXFileReference; lastKnownFileType = file.storyboard; name = Base; path = Base.lproj/LaunchScreen.storyboard; sourceTree = "<group>"; };
		346B684B26BA0A8000EB48B5 /* Info.plist */ = {isa = PBXFileReference; lastKnownFileType = text.plist.xml; path = Info.plist; sourceTree = "<group>"; };
		346B685426BA2BF000EB48B5 /* microphone-black.png */ = {isa = PBXFileReference; lastKnownFileType = image.png; path = "microphone-black.png"; sourceTree = "<group>"; };
		346B685526BA2BF000EB48B5 /* microphone-white.png */ = {isa = PBXFileReference; lastKnownFileType = image.png; path = "microphone-white.png"; sourceTree = "<group>"; };
		346B685826BA5FCF00EB48B5 /* ResultsViewController.swift */ = {isa = PBXFileReference; lastKnownFileType = sourcecode.swift; path = ResultsViewController.swift; sourceTree = "<group>"; };
		347ED20726BC5274003E08F1 /* sb-76@1x.png */ = {isa = PBXFileReference; lastKnownFileType = image.png; path = "sb-76@1x.png"; sourceTree = "<group>"; };
		347ED20826BC5274003E08F1 /* sb-83.5@2x.png */ = {isa = PBXFileReference; lastKnownFileType = image.png; path = "sb-83.5@2x.png"; sourceTree = "<group>"; };
		347ED20926BC5274003E08F1 /* sb-40@1x.png */ = {isa = PBXFileReference; lastKnownFileType = image.png; path = "sb-40@1x.png"; sourceTree = "<group>"; };
		347ED20A26BC5274003E08F1 /* sb-29@1x.png */ = {isa = PBXFileReference; lastKnownFileType = image.png; path = "sb-29@1x.png"; sourceTree = "<group>"; };
		347ED20B26BC5274003E08F1 /* sb.png */ = {isa = PBXFileReference; lastKnownFileType = image.png; path = sb.png; sourceTree = "<group>"; };
		347ED20C26BC5274003E08F1 /* sb-60@1x.png */ = {isa = PBXFileReference; lastKnownFileType = image.png; path = "sb-60@1x.png"; sourceTree = "<group>"; };
		347ED20D26BC5274003E08F1 /* sb-60@2x.png */ = {isa = PBXFileReference; lastKnownFileType = image.png; path = "sb-60@2x.png"; sourceTree = "<group>"; };
		347ED20E26BC5274003E08F1 /* sb-29@3x.png */ = {isa = PBXFileReference; lastKnownFileType = image.png; path = "sb-29@3x.png"; sourceTree = "<group>"; };
		347ED20F26BC5274003E08F1 /* sb-167@1x.png */ = {isa = PBXFileReference; lastKnownFileType = image.png; path = "sb-167@1x.png"; sourceTree = "<group>"; };
		347ED21026BC5274003E08F1 /* sb-20@1x.png */ = {isa = PBXFileReference; lastKnownFileType = image.png; path = "sb-20@1x.png"; sourceTree = "<group>"; };
		347ED21126BC5274003E08F1 /* sb-29@2x.png */ = {isa = PBXFileReference; lastKnownFileType = image.png; path = "sb-29@2x.png"; sourceTree = "<group>"; };
		347ED21226BC5274003E08F1 /* sb-60@3x.png */ = {isa = PBXFileReference; lastKnownFileType = image.png; path = "sb-60@3x.png"; sourceTree = "<group>"; };
		347ED21326BC5274003E08F1 /* sb-40@3x.png */ = {isa = PBXFileReference; lastKnownFileType = image.png; path = "sb-40@3x.png"; sourceTree = "<group>"; };
		347ED21426BC5274003E08F1 /* sb-76@2x.png */ = {isa = PBXFileReference; lastKnownFileType = image.png; path = "sb-76@2x.png"; sourceTree = "<group>"; };
		347ED21526BC5274003E08F1 /* sb-40@2x.png */ = {isa = PBXFileReference; lastKnownFileType = image.png; path = "sb-40@2x.png"; sourceTree = "<group>"; };
		34E95B3926BCA0E900CD1324 /* sb-720.png */ = {isa = PBXFileReference; lastKnownFileType = image.png; path = "sb-720.png"; sourceTree = "<group>"; };
		3F1740C73EC3BFDD8FF3E8A0 /* Pods-FactCheckingSystemApp.debug.xcconfig */ = {isa = PBXFileReference; includeInIndex = 1; lastKnownFileType = text.xcconfig; name = "Pods-FactCheckingSystemApp.debug.xcconfig"; path = "Target Support Files/Pods-FactCheckingSystemApp/Pods-FactCheckingSystemApp.debug.xcconfig"; sourceTree = "<group>"; };
		649648E0C79839C6CDDACE74 /* Pods-FactCheckingSystemApp.release.xcconfig */ = {isa = PBXFileReference; includeInIndex = 1; lastKnownFileType = text.xcconfig; name = "Pods-FactCheckingSystemApp.release.xcconfig"; path = "Target Support Files/Pods-FactCheckingSystemApp/Pods-FactCheckingSystemApp.release.xcconfig"; sourceTree = "<group>"; };
		DE195F4F215B357A90E0658E /* Pods_FactCheckingSystemApp.framework */ = {isa = PBXFileReference; explicitFileType = wrapper.framework; includeInIndex = 0; path = Pods_FactCheckingSystemApp.framework; sourceTree = BUILT_PRODUCTS_DIR; };
/* End PBXFileReference section */

/* Begin PBXFrameworksBuildPhase section */
		346B683726BA0A7E00EB48B5 /* Frameworks */ = {
			isa = PBXFrameworksBuildPhase;
			buildActionMask = 2147483647;
			files = (
				BC75B86385E3A4561A0FE0E8 /* Pods_FactCheckingSystemApp.framework in Frameworks */,
			);
			runOnlyForDeploymentPostprocessing = 0;
		};
/* End PBXFrameworksBuildPhase section */

/* Begin PBXGroup section */
		29DDA36B22DEF3BF4DD887AE /* Pods */ = {
			isa = PBXGroup;
			children = (
				3F1740C73EC3BFDD8FF3E8A0 /* Pods-FactCheckingSystemApp.debug.xcconfig */,
				649648E0C79839C6CDDACE74 /* Pods-FactCheckingSystemApp.release.xcconfig */,
			);
			path = Pods;
			sourceTree = "<group>";
		};
		346B683126BA0A7E00EB48B5 = {
			isa = PBXGroup;
			children = (
				346B683C26BA0A7E00EB48B5 /* FactCheckingSystemApp */,
				346B683B26BA0A7E00EB48B5 /* Products */,
				29DDA36B22DEF3BF4DD887AE /* Pods */,
				653A9C644E44327465356901 /* Frameworks */,
			);
			sourceTree = "<group>";
		};
		346B683B26BA0A7E00EB48B5 /* Products */ = {
			isa = PBXGroup;
			children = (
				346B683A26BA0A7E00EB48B5 /* FactCheckingSystemApp.app */,
			);
			name = Products;
			sourceTree = "<group>";
		};
		346B683C26BA0A7E00EB48B5 /* FactCheckingSystemApp */ = {
			isa = PBXGroup;
			children = (
				3432267A26BA626C004A4D54 /* FactCheckingSystemApp.entitlements */,
				346B683D26BA0A7E00EB48B5 /* AppDelegate.swift */,
				346B683F26BA0A7E00EB48B5 /* SceneDelegate.swift */,
				346B684126BA0A7E00EB48B5 /* ViewController.swift */,
				346B685826BA5FCF00EB48B5 /* ResultsViewController.swift */,
				3432267B26BB757D004A4D54 /* HistoryViewController.swift */,
				346B684326BA0A7E00EB48B5 /* Main.storyboard */,
				346B685126BA1FA300EB48B5 /* images */,
				346B684626BA0A8000EB48B5 /* Assets.xcassets */,
				346B684826BA0A8000EB48B5 /* LaunchScreen.storyboard */,
				346B684B26BA0A8000EB48B5 /* Info.plist */,
			);
			path = FactCheckingSystemApp;
			sourceTree = "<group>";
		};
		346B685126BA1FA300EB48B5 /* images */ = {
			isa = PBXGroup;
			children = (
				347ED20626BC5274003E08F1 /* FactCheckIcons */,
				3432267D26BB852F004A4D54 /* appPicture.png */,
				346B685426BA2BF000EB48B5 /* microphone-black.png */,
				346B685526BA2BF000EB48B5 /* microphone-white.png */,
			);
			path = images;
			sourceTree = "<group>";
		};
		347ED20626BC5274003E08F1 /* FactCheckIcons */ = {
			isa = PBXGroup;
			children = (
				34E95B3926BCA0E900CD1324 /* sb-720.png */,
				347ED20726BC5274003E08F1 /* sb-76@1x.png */,
				347ED20826BC5274003E08F1 /* sb-83.5@2x.png */,
				347ED20926BC5274003E08F1 /* sb-40@1x.png */,
				347ED20A26BC5274003E08F1 /* sb-29@1x.png */,
				347ED20B26BC5274003E08F1 /* sb.png */,
				347ED20C26BC5274003E08F1 /* sb-60@1x.png */,
				347ED20D26BC5274003E08F1 /* sb-60@2x.png */,
				347ED20E26BC5274003E08F1 /* sb-29@3x.png */,
				347ED20F26BC5274003E08F1 /* sb-167@1x.png */,
				347ED21026BC5274003E08F1 /* sb-20@1x.png */,
				347ED21126BC5274003E08F1 /* sb-29@2x.png */,
				347ED21226BC5274003E08F1 /* sb-60@3x.png */,
				347ED21326BC5274003E08F1 /* sb-40@3x.png */,
				347ED21426BC5274003E08F1 /* sb-76@2x.png */,
				347ED21526BC5274003E08F1 /* sb-40@2x.png */,
			);
			path = FactCheckIcons;
			sourceTree = "<group>";
		};
		653A9C644E44327465356901 /* Frameworks */ = {
			isa = PBXGroup;
			children = (
				DE195F4F215B357A90E0658E /* Pods_FactCheckingSystemApp.framework */,
			);
			name = Frameworks;
			sourceTree = "<group>";
		};
/* End PBXGroup section */

/* Begin PBXNativeTarget section */
		346B683926BA0A7E00EB48B5 /* FactCheckingSystemApp */ = {
			isa = PBXNativeTarget;
			buildConfigurationList = 346B684E26BA0A8000EB48B5 /* Build configuration list for PBXNativeTarget "FactCheckingSystemApp" */;
			buildPhases = (
				6D51C395566603B9F13ADF6D /* [CP] Check Pods Manifest.lock */,
				346B683626BA0A7E00EB48B5 /* Sources */,
				346B683726BA0A7E00EB48B5 /* Frameworks */,
				346B683826BA0A7E00EB48B5 /* Resources */,
				10BBB08EE965DF0027778F5F /* [CP] Embed Pods Frameworks */,
			);
			buildRules = (
			);
			dependencies = (
			);
			name = FactCheckingSystemApp;
			productName = FactCheckingSystemApp;
			productReference = 346B683A26BA0A7E00EB48B5 /* FactCheckingSystemApp.app */;
			productType = "com.apple.product-type.application";
		};
/* End PBXNativeTarget section */

/* Begin PBXProject section */
		346B683226BA0A7E00EB48B5 /* Project object */ = {
			isa = PBXProject;
			attributes = {
				LastSwiftUpdateCheck = 1250;
				LastUpgradeCheck = 1250;
				TargetAttributes = {
					346B683926BA0A7E00EB48B5 = {
						CreatedOnToolsVersion = 12.5.1;
					};
				};
			};
			buildConfigurationList = 346B683526BA0A7E00EB48B5 /* Build configuration list for PBXProject "FactCheckingSystemApp" */;
			compatibilityVersion = "Xcode 9.3";
			developmentRegion = en;
			hasScannedForEncodings = 0;
			knownRegions = (
				en,
				Base,
			);
			mainGroup = 346B683126BA0A7E00EB48B5;
			productRefGroup = 346B683B26BA0A7E00EB48B5 /* Products */;
			projectDirPath = "";
			projectRoot = "";
			targets = (
				346B683926BA0A7E00EB48B5 /* FactCheckingSystemApp */,
			);
		};
/* End PBXProject section */

/* Begin PBXResourcesBuildPhase section */
		346B683826BA0A7E00EB48B5 /* Resources */ = {
			isa = PBXResourcesBuildPhase;
			buildActionMask = 2147483647;
			files = (
				347ED22026BC5274003E08F1 /* sb-29@2x.png in Resources */,
				347ED21B26BC5274003E08F1 /* sb-60@1x.png in Resources */,
				34E95B3A26BCA0E900CD1324 /* sb-720.png in Resources */,
				346B684A26BA0A8000EB48B5 /* LaunchScreen.storyboard in Resources */,
				346B685626BA2BF000EB48B5 /* microphone-black.png in Resources */,
				3432267E26BB852F004A4D54 /* appPicture.png in Resources */,
				347ED21726BC5274003E08F1 /* sb-83.5@2x.png in Resources */,
				347ED21626BC5274003E08F1 /* sb-76@1x.png in Resources */,
				347ED21C26BC5274003E08F1 /* sb-60@2x.png in Resources */,
				347ED22426BC5274003E08F1 /* sb-40@2x.png in Resources */,
				347ED22326BC5274003E08F1 /* sb-76@2x.png in Resources */,
				346B684726BA0A8000EB48B5 /* Assets.xcassets in Resources */,
				346B684526BA0A7E00EB48B5 /* Main.storyboard in Resources */,
				347ED21E26BC5274003E08F1 /* sb-167@1x.png in Resources */,
				347ED22226BC5274003E08F1 /* sb-40@3x.png in Resources */,
				347ED21A26BC5274003E08F1 /* sb.png in Resources */,
				347ED22126BC5274003E08F1 /* sb-60@3x.png in Resources */,
				347ED21926BC5274003E08F1 /* sb-29@1x.png in Resources */,
				347ED21F26BC5274003E08F1 /* sb-20@1x.png in Resources */,
				346B685726BA2BF000EB48B5 /* microphone-white.png in Resources */,
				347ED21826BC5274003E08F1 /* sb-40@1x.png in Resources */,
				347ED21D26BC5274003E08F1 /* sb-29@3x.png in Resources */,
			);
			runOnlyForDeploymentPostprocessing = 0;
		};
/* End PBXResourcesBuildPhase section */

/* Begin PBXShellScriptBuildPhase section */
		10BBB08EE965DF0027778F5F /* [CP] Embed Pods Frameworks */ = {
			isa = PBXShellScriptBuildPhase;
			buildActionMask = 2147483647;
			files = (
			);
			inputFileListPaths = (
				"${PODS_ROOT}/Target Support Files/Pods-FactCheckingSystemApp/Pods-FactCheckingSystemApp-frameworks-${CONFIGURATION}-input-files.xcfilelist",
			);
			name = "[CP] Embed Pods Frameworks";
			outputFileListPaths = (
				"${PODS_ROOT}/Target Support Files/Pods-FactCheckingSystemApp/Pods-FactCheckingSystemApp-frameworks-${CONFIGURATION}-output-files.xcfilelist",
			);
			runOnlyForDeploymentPostprocessing = 0;
			shellPath = /bin/sh;
			shellScript = "\"${PODS_ROOT}/Target Support Files/Pods-FactCheckingSystemApp/Pods-FactCheckingSystemApp-frameworks.sh\"\n";
			showEnvVarsInLog = 0;
		};
		6D51C395566603B9F13ADF6D /* [CP] Check Pods Manifest.lock */ = {
			isa = PBXShellScriptBuildPhase;
			buildActionMask = 2147483647;
			files = (
			);
			inputFileListPaths = (
			);
			inputPaths = (
				"${PODS_PODFILE_DIR_PATH}/Podfile.lock",
				"${PODS_ROOT}/Manifest.lock",
			);
			name = "[CP] Check Pods Manifest.lock";
			outputFileListPaths = (
			);
			outputPaths = (
				"$(DERIVED_FILE_DIR)/Pods-FactCheckingSystemApp-checkManifestLockResult.txt",
			);
			runOnlyForDeploymentPostprocessing = 0;
			shellPath = /bin/sh;
			shellScript = "diff \"${PODS_PODFILE_DIR_PATH}/Podfile.lock\" \"${PODS_ROOT}/Manifest.lock\" > /dev/null\nif [ $? != 0 ] ; then\n    # print error to STDERR\n    echo \"error: The sandbox is not in sync with the Podfile.lock. Run 'pod install' or update your CocoaPods installation.\" >&2\n    exit 1\nfi\n# This output is used by Xcode 'outputs' to avoid re-running this script phase.\necho \"SUCCESS\" > \"${SCRIPT_OUTPUT_FILE_0}\"\n";
			showEnvVarsInLog = 0;
		};
/* End PBXShellScriptBuildPhase section */

/* Begin PBXSourcesBuildPhase section */
		346B683626BA0A7E00EB48B5 /* Sources */ = {
			isa = PBXSourcesBuildPhase;
			buildActionMask = 2147483647;
			files = (
				346B684226BA0A7E00EB48B5 /* ViewController.swift in Sources */,
				346B683E26BA0A7E00EB48B5 /* AppDelegate.swift in Sources */,
				346B684026BA0A7E00EB48B5 /* SceneDelegate.swift in Sources */,
				3432267C26BB757D004A4D54 /* HistoryViewController.swift in Sources */,
				346B685926BA5FCF00EB48B5 /* ResultsViewController.swift in Sources */,
			);
			runOnlyForDeploymentPostprocessing = 0;
		};
/* End PBXSourcesBuildPhase section */

/* Begin PBXVariantGroup section */
		346B684326BA0A7E00EB48B5 /* Main.storyboard */ = {
			isa = PBXVariantGroup;
			children = (
				346B684426BA0A7E00EB48B5 /* Base */,
			);
			name = Main.storyboard;
			sourceTree = "<group>";
		};
		346B684826BA0A8000EB48B5 /* LaunchScreen.storyboard */ = {
			isa = PBXVariantGroup;
			children = (
				346B684926BA0A8000EB48B5 /* Base */,
			);
			name = LaunchScreen.storyboard;
			sourceTree = "<group>";
		};
/* End PBXVariantGroup section */

/* Begin XCBuildConfiguration section */
		346B684C26BA0A8000EB48B5 /* Debug */ = {
			isa = XCBuildConfiguration;
			buildSettings = {
				ALWAYS_SEARCH_USER_PATHS = NO;
				CLANG_ANALYZER_NONNULL = YES;
				CLANG_ANALYZER_NUMBER_OBJECT_CONVERSION = YES_AGGRESSIVE;
				CLANG_CXX_LANGUAGE_STANDARD = "gnu++14";
				CLANG_CXX_LIBRARY = "libc++";
				CLANG_ENABLE_MODULES = YES;
				CLANG_ENABLE_OBJC_ARC = YES;
				CLANG_ENABLE_OBJC_WEAK = YES;
				CLANG_WARN_BLOCK_CAPTURE_AUTORELEASING = YES;
				CLANG_WARN_BOOL_CONVERSION = YES;
				CLANG_WARN_COMMA = YES;
				CLANG_WARN_CONSTANT_CONVERSION = YES;
				CLANG_WARN_DEPRECATED_OBJC_IMPLEMENTATIONS = YES;
				CLANG_WARN_DIRECT_OBJC_ISA_USAGE = YES_ERROR;
				CLANG_WARN_DOCUMENTATION_COMMENTS = YES;
				CLANG_WARN_EMPTY_BODY = YES;
				CLANG_WARN_ENUM_CONVERSION = YES;
				CLANG_WARN_INFINITE_RECURSION = YES;
				CLANG_WARN_INT_CONVERSION = YES;
				CLANG_WARN_NON_LITERAL_NULL_CONVERSION = YES;
				CLANG_WARN_OBJC_IMPLICIT_RETAIN_SELF = YES;
				CLANG_WARN_OBJC_LITERAL_CONVERSION = YES;
				CLANG_WARN_OBJC_ROOT_CLASS = YES_ERROR;
				CLANG_WARN_QUOTED_INCLUDE_IN_FRAMEWORK_HEADER = YES;
				CLANG_WARN_RANGE_LOOP_ANALYSIS = YES;
				CLANG_WARN_STRICT_PROTOTYPES = YES;
				CLANG_WARN_SUSPICIOUS_MOVE = YES;
				CLANG_WARN_UNGUARDED_AVAILABILITY = YES_AGGRESSIVE;
				CLANG_WARN_UNREACHABLE_CODE = YES;
				CLANG_WARN__DUPLICATE_METHOD_MATCH = YES;
				COPY_PHASE_STRIP = NO;
				DEBUG_INFORMATION_FORMAT = dwarf;
				ENABLE_STRICT_OBJC_MSGSEND = YES;
				ENABLE_TESTABILITY = YES;
				GCC_C_LANGUAGE_STANDARD = gnu11;
				GCC_DYNAMIC_NO_PIC = NO;
				GCC_NO_COMMON_BLOCKS = YES;
				GCC_OPTIMIZATION_LEVEL = 0;
				GCC_PREPROCESSOR_DEFINITIONS = (
					"DEBUG=1",
					"$(inherited)",
				);
				GCC_WARN_64_TO_32_BIT_CONVERSION = YES;
				GCC_WARN_ABOUT_RETURN_TYPE = YES_ERROR;
				GCC_WARN_UNDECLARED_SELECTOR = YES;
				GCC_WARN_UNINITIALIZED_AUTOS = YES_AGGRESSIVE;
				GCC_WARN_UNUSED_FUNCTION = YES;
				GCC_WARN_UNUSED_VARIABLE = YES;
				IPHONEOS_DEPLOYMENT_TARGET = 14.5;
				MTL_ENABLE_DEBUG_INFO = INCLUDE_SOURCE;
				MTL_FAST_MATH = YES;
				ONLY_ACTIVE_ARCH = YES;
				SDKROOT = iphoneos;
				SWIFT_ACTIVE_COMPILATION_CONDITIONS = DEBUG;
				SWIFT_OPTIMIZATION_LEVEL = "-Onone";
			};
			name = Debug;
		};
		346B684D26BA0A8000EB48B5 /* Release */ = {
			isa = XCBuildConfiguration;
			buildSettings = {
				ALWAYS_SEARCH_USER_PATHS = NO;
				CLANG_ANALYZER_NONNULL = YES;
				CLANG_ANALYZER_NUMBER_OBJECT_CONVERSION = YES_AGGRESSIVE;
				CLANG_CXX_LANGUAGE_STANDARD = "gnu++14";
				CLANG_CXX_LIBRARY = "libc++";
				CLANG_ENABLE_MODULES = YES;
				CLANG_ENABLE_OBJC_ARC = YES;
				CLANG_ENABLE_OBJC_WEAK = YES;
				CLANG_WARN_BLOCK_CAPTURE_AUTORELEASING = YES;
				CLANG_WARN_BOOL_CONVERSION = YES;
				CLANG_WARN_COMMA = YES;
				CLANG_WARN_CONSTANT_CONVERSION = YES;
				CLANG_WARN_DEPRECATED_OBJC_IMPLEMENTATIONS = YES;
				CLANG_WARN_DIRECT_OBJC_ISA_USAGE = YES_ERROR;
				CLANG_WARN_DOCUMENTATION_COMMENTS = YES;
				CLANG_WARN_EMPTY_BODY = YES;
				CLANG_WARN_ENUM_CONVERSION = YES;
				CLANG_WARN_INFINITE_RECURSION = YES;
				CLANG_WARN_INT_CONVERSION = YES;
				CLANG_WARN_NON_LITERAL_NULL_CONVERSION = YES;
				CLANG_WARN_OBJC_IMPLICIT_RETAIN_SELF = YES;
				CLANG_WARN_OBJC_LITERAL_CONVERSION = YES;
				CLANG_WARN_OBJC_ROOT_CLASS = YES_ERROR;
				CLANG_WARN_QUOTED_INCLUDE_IN_FRAMEWORK_HEADER = YES;
				CLANG_WARN_RANGE_LOOP_ANALYSIS = YES;
				CLANG_WARN_STRICT_PROTOTYPES = YES;
				CLANG_WARN_SUSPICIOUS_MOVE = YES;
				CLANG_WARN_UNGUARDED_AVAILABILITY = YES_AGGRESSIVE;
				CLANG_WARN_UNREACHABLE_CODE = YES;
				CLANG_WARN__DUPLICATE_METHOD_MATCH = YES;
				COPY_PHASE_STRIP = NO;
				DEBUG_INFORMATION_FORMAT = "dwarf-with-dsym";
				ENABLE_NS_ASSERTIONS = NO;
				ENABLE_STRICT_OBJC_MSGSEND = YES;
				GCC_C_LANGUAGE_STANDARD = gnu11;
				GCC_NO_COMMON_BLOCKS = YES;
				GCC_WARN_64_TO_32_BIT_CONVERSION = YES;
				GCC_WARN_ABOUT_RETURN_TYPE = YES_ERROR;
				GCC_WARN_UNDECLARED_SELECTOR = YES;
				GCC_WARN_UNINITIALIZED_AUTOS = YES_AGGRESSIVE;
				GCC_WARN_UNUSED_FUNCTION = YES;
				GCC_WARN_UNUSED_VARIABLE = YES;
				IPHONEOS_DEPLOYMENT_TARGET = 14.5;
				MTL_ENABLE_DEBUG_INFO = NO;
				MTL_FAST_MATH = YES;
				SDKROOT = iphoneos;
				SWIFT_COMPILATION_MODE = wholemodule;
				SWIFT_OPTIMIZATION_LEVEL = "-O";
				VALIDATE_PRODUCT = YES;
			};
			name = Release;
		};
		346B684F26BA0A8000EB48B5 /* Debug */ = {
			isa = XCBuildConfiguration;
			baseConfigurationReference = 3F1740C73EC3BFDD8FF3E8A0 /* Pods-FactCheckingSystemApp.debug.xcconfig */;
			buildSettings = {
				ASSETCATALOG_COMPILER_APPICON_NAME = AppIcon;
				ASSETCATALOG_COMPILER_GLOBAL_ACCENT_COLOR_NAME = AccentColor;
				CODE_SIGN_ENTITLEMENTS = FactCheckingSystemApp/FactCheckingSystemApp.entitlements;
				CODE_SIGN_STYLE = Automatic;
				DEVELOPMENT_TEAM = EQETVRMV99;
				INFOPLIST_FILE = FactCheckingSystemApp/Info.plist;
				LD_RUNPATH_SEARCH_PATHS = (
					"$(inherited)",
					"@executable_path/Frameworks",
				);
				PRODUCT_BUNDLE_IDENTIFIER = com.sukhamrit.factcheck;
				PRODUCT_NAME = "$(TARGET_NAME)";
				SWIFT_VERSION = 5.0;
				TARGETED_DEVICE_FAMILY = 1;
			};
			name = Debug;
		};
		346B685026BA0A8000EB48B5 /* Release */ = {
			isa = XCBuildConfiguration;
			baseConfigurationReference = 649648E0C79839C6CDDACE74 /* Pods-FactCheckingSystemApp.release.xcconfig */;
			buildSettings = {
				ASSETCATALOG_COMPILER_APPICON_NAME = AppIcon;
				ASSETCATALOG_COMPILER_GLOBAL_ACCENT_COLOR_NAME = AccentColor;
				CODE_SIGN_ENTITLEMENTS = FactCheckingSystemApp/FactCheckingSystemApp.entitlements;
				CODE_SIGN_STYLE = Automatic;
				DEVELOPMENT_TEAM = EQETVRMV99;
				INFOPLIST_FILE = FactCheckingSystemApp/Info.plist;
				LD_RUNPATH_SEARCH_PATHS = (
					"$(inherited)",
					"@executable_path/Frameworks",
				);
				PRODUCT_BUNDLE_IDENTIFIER = com.sukhamrit.factcheck;
				PRODUCT_NAME = "$(TARGET_NAME)";
				SWIFT_VERSION = 5.0;
				TARGETED_DEVICE_FAMILY = 1;
			};
			name = Release;
		};
/* End XCBuildConfiguration section */

/* Begin XCConfigurationList section */
		346B683526BA0A7E00EB48B5 /* Build configuration list for PBXProject "FactCheckingSystemApp" */ = {
			isa = XCConfigurationList;
			buildConfigurations = (
				346B684C26BA0A8000EB48B5 /* Debug */,
				346B684D26BA0A8000EB48B5 /* Release */,
			);
			defaultConfigurationIsVisible = 0;
			defaultConfigurationName = Release;
		};
		346B684E26BA0A8000EB48B5 /* Build configuration list for PBXNativeTarget "FactCheckingSystemApp" */ = {
			isa = XCConfigurationList;
			buildConfigurations = (
				346B684F26BA0A8000EB48B5 /* Debug */,
				346B685026BA0A8000EB48B5 /* Release */,
			);
			defaultConfigurationIsVisible = 0;
			defaultConfigurationName = Release;
		};
/* End XCConfigurationList section */
	};
	rootObject = 346B683226BA0A7E00EB48B5 /* Project object */;
}
